// !$*UTF8*$!
{
	archiveVersion = 1;
	classes = {
	};
	objectVersion = 77;
	objects = {

/* Begin PBXBuildFile section */
		B7BFBEA32CC5023100CD5BA8 /* README.md in Resources */ = {isa = PBXBuildFile; fileRef = B7BFBEA22CC5023100CD5BA8 /* README.md */; };
/* End PBXBuildFile section */

/* Begin PBXContainerItemProxy section */
		B7BFBE4D2CC4B83F00CD5BA8 /* PBXContainerItemProxy */ = {
			isa = PBXContainerItemProxy;
			containerPortal = B7BFBE342CC4B83D00CD5BA8 /* Project object */;
			proxyType = 1;
			remoteGlobalIDString = B7BFBE3B2CC4B83D00CD5BA8;
			remoteInfo = FlashCards;
		};
		B7BFBE572CC4B83F00CD5BA8 /* PBXContainerItemProxy */ = {
			isa = PBXContainerItemProxy;
			containerPortal = B7BFBE342CC4B83D00CD5BA8 /* Project object */;
			proxyType = 1;
			remoteGlobalIDString = B7BFBE3B2CC4B83D00CD5BA8;
			remoteInfo = FlashCards;
		};
/* End PBXContainerItemProxy section */

/* Begin PBXFileReference section */
		B7BFBE3C2CC4B83D00CD5BA8 /* FlashCards.app */ = {isa = PBXFileReference; explicitFileType = wrapper.application; includeInIndex = 0; path = FlashCards.app; sourceTree = BUILT_PRODUCTS_DIR; };
		B7BFBE4C2CC4B83F00CD5BA8 /* FlashCardsTests.xctest */ = {isa = PBXFileReference; explicitFileType = wrapper.cfbundle; includeInIndex = 0; path = FlashCardsTests.xctest; sourceTree = BUILT_PRODUCTS_DIR; };
		B7BFBE562CC4B83F00CD5BA8 /* FlashCardsUITests.xctest */ = {isa = PBXFileReference; explicitFileType = wrapper.cfbundle; includeInIndex = 0; path = FlashCardsUITests.xctest; sourceTree = BUILT_PRODUCTS_DIR; };
		B7BFBEA22CC5023100CD5BA8 /* README.md */ = {isa = PBXFileReference; lastKnownFileType = net.daringfireball.markdown; path = README.md; sourceTree = "<group>"; };
/* End PBXFileReference section */

/* Begin PBXFileSystemSynchronizedRootGroup section */
		B7BFBE3E2CC4B83D00CD5BA8 /* FlashCards */ = {
			isa = PBXFileSystemSynchronizedRootGroup;
			path = FlashCards;
			sourceTree = "<group>";
		};
		B7BFBE4F2CC4B83F00CD5BA8 /* FlashCardsTests */ = {
			isa = PBXFileSystemSynchronizedRootGroup;
			path = FlashCardsTests;
			sourceTree = "<group>";
		};
		B7BFBE592CC4B83F00CD5BA8 /* FlashCardsUITests */ = {
			isa = PBXFileSystemSynchronizedRootGroup;
			path = FlashCardsUITests;
			sourceTree = "<group>";
		};
/* End PBXFileSystemSynchronizedRootGroup section */

/* Begin PBXFrameworksBuildPhase section */
		B7BFBE392CC4B83D00CD5BA8 /* Frameworks */ = {
			isa = PBXFrameworksBuildPhase;
			buildActionMask = 2147483647;
			files = (
			);
			runOnlyForDeploymentPostprocessing = 0;
		};
		B7BFBE492CC4B83F00CD5BA8 /* Frameworks */ = {
			isa = PBXFrameworksBuildPhase;
			buildActionMask = 2147483647;
			files = (
			);
			runOnlyForDeploymentPostprocessing = 0;
		};
		B7BFBE532CC4B83F00CD5BA8 /* Frameworks */ = {
			isa = PBXFrameworksBuildPhase;
			buildActionMask = 2147483647;
			files = (
			);
			runOnlyForDeploymentPostprocessing = 0;
		};
/* End PBXFrameworksBuildPhase section */

/* Begin PBXGroup section */
		B7BFBE332CC4B83D00CD5BA8 = {
			isa = PBXGroup;
			children = (
				B7BFBEA22CC5023100CD5BA8 /* README.md */,
				B7BFBE9E2CC500F100CD5BA8 /* Tests */,
				B7BFBE3E2CC4B83D00CD5BA8 /* FlashCards */,
				B7BFBE3D2CC4B83D00CD5BA8 /* Products */,
			);
			sourceTree = "<group>";
		};
		B7BFBE3D2CC4B83D00CD5BA8 /* Products */ = {
			isa = PBXGroup;
			children = (
				B7BFBE3C2CC4B83D00CD5BA8 /* FlashCards.app */,
				B7BFBE4C2CC4B83F00CD5BA8 /* FlashCardsTests.xctest */,
				B7BFBE562CC4B83F00CD5BA8 /* FlashCardsUITests.xctest */,
			);
			name = Products;
			sourceTree = "<group>";
		};
		B7BFBE9E2CC500F100CD5BA8 /* Tests */ = {
			isa = PBXGroup;
			children = (
				B7BFBE4F2CC4B83F00CD5BA8 /* FlashCardsTests */,
				B7BFBE592CC4B83F00CD5BA8 /* FlashCardsUITests */,
			);
			path = Tests;
			sourceTree = "<group>";
		};
/* End PBXGroup section */

/* Begin PBXNativeTarget section */
		B7BFBE3B2CC4B83D00CD5BA8 /* FlashCards */ = {
			isa = PBXNativeTarget;
			buildConfigurationList = B7BFBE602CC4B83F00CD5BA8 /* Build configuration list for PBXNativeTarget "FlashCards" */;
			buildPhases = (
				B7BFBE382CC4B83D00CD5BA8 /* Sources */,
				B7BFBE392CC4B83D00CD5BA8 /* Frameworks */,
				B7BFBE3A2CC4B83D00CD5BA8 /* Resources */,
			);
			buildRules = (
			);
			dependencies = (
			);
			fileSystemSynchronizedGroups = (
				B7BFBE3E2CC4B83D00CD5BA8 /* FlashCards */,
			);
			name = FlashCards;
			packageProductDependencies = (
			);
			productName = FlashCards;
			productReference = B7BFBE3C2CC4B83D00CD5BA8 /* FlashCards.app */;
			productType = "com.apple.product-type.application";
		};
		B7BFBE4B2CC4B83F00CD5BA8 /* FlashCardsTests */ = {
			isa = PBXNativeTarget;
			buildConfigurationList = B7BFBE632CC4B83F00CD5BA8 /* Build configuration list for PBXNativeTarget "FlashCardsTests" */;
			buildPhases = (
				B7BFBE482CC4B83F00CD5BA8 /* Sources */,
				B7BFBE492CC4B83F00CD5BA8 /* Frameworks */,
				B7BFBE4A2CC4B83F00CD5BA8 /* Resources */,
			);
			buildRules = (
			);
			dependencies = (
				B7BFBE4E2CC4B83F00CD5BA8 /* PBXTargetDependency */,
			);
			fileSystemSynchronizedGroups = (
				B7BFBE4F2CC4B83F00CD5BA8 /* FlashCardsTests */,
			);
			name = FlashCardsTests;
			packageProductDependencies = (
			);
			productName = FlashCardsTests;
			productReference = B7BFBE4C2CC4B83F00CD5BA8 /* FlashCardsTests.xctest */;
			productType = "com.apple.product-type.bundle.unit-test";
		};
		B7BFBE552CC4B83F00CD5BA8 /* FlashCardsUITests */ = {
			isa = PBXNativeTarget;
			buildConfigurationList = B7BFBE662CC4B83F00CD5BA8 /* Build configuration list for PBXNativeTarget "FlashCardsUITests" */;
			buildPhases = (
				B7BFBE522CC4B83F00CD5BA8 /* Sources */,
				B7BFBE532CC4B83F00CD5BA8 /* Frameworks */,
				B7BFBE542CC4B83F00CD5BA8 /* Resources */,
			);
			buildRules = (
			);
			dependencies = (
				B7BFBE582CC4B83F00CD5BA8 /* PBXTargetDependency */,
			);
			fileSystemSynchronizedGroups = (
				B7BFBE592CC4B83F00CD5BA8 /* FlashCardsUITests */,
			);
			name = FlashCardsUITests;
			packageProductDependencies = (
			);
			productName = FlashCardsUITests;
			productReference = B7BFBE562CC4B83F00CD5BA8 /* FlashCardsUITests.xctest */;
			productType = "com.apple.product-type.bundle.ui-testing";
		};
/* End PBXNativeTarget section */

/* Begin PBXProject section */
		B7BFBE342CC4B83D00CD5BA8 /* Project object */ = {
			isa = PBXProject;
			attributes = {
				BuildIndependentTargetsInParallel = 1;
				LastSwiftUpdateCheck = 1600;
				LastUpgradeCheck = 1600;
				TargetAttributes = {
					B7BFBE3B2CC4B83D00CD5BA8 = {
						CreatedOnToolsVersion = 16.0;
					};
					B7BFBE4B2CC4B83F00CD5BA8 = {
						CreatedOnToolsVersion = 16.0;
						TestTargetID = B7BFBE3B2CC4B83D00CD5BA8;
					};
					B7BFBE552CC4B83F00CD5BA8 = {
						CreatedOnToolsVersion = 16.0;
						TestTargetID = B7BFBE3B2CC4B83D00CD5BA8;
					};
				};
			};
			buildConfigurationList = B7BFBE372CC4B83D00CD5BA8 /* Build configuration list for PBXProject "FlashCards" */;
			developmentRegion = en;
			hasScannedForEncodings = 0;
			knownRegions = (
				en,
				Base,
			);
			mainGroup = B7BFBE332CC4B83D00CD5BA8;
			minimizedProjectReferenceProxies = 1;
			preferredProjectObjectVersion = 77;
			productRefGroup = B7BFBE3D2CC4B83D00CD5BA8 /* Products */;
			projectDirPath = "";
			projectRoot = "";
			targets = (
				B7BFBE3B2CC4B83D00CD5BA8 /* FlashCards */,
				B7BFBE4B2CC4B83F00CD5BA8 /* FlashCardsTests */,
				B7BFBE552CC4B83F00CD5BA8 /* FlashCardsUITests */,
			);
		};
/* End PBXProject section */

/* Begin PBXResourcesBuildPhase section */
		B7BFBE3A2CC4B83D00CD5BA8 /* Resources */ = {
			isa = PBXResourcesBuildPhase;
			buildActionMask = 2147483647;
			files = (
				B7BFBEA32CC5023100CD5BA8 /* README.md in Resources */,
			);
			runOnlyForDeploymentPostprocessing = 0;
		};
		B7BFBE4A2CC4B83F00CD5BA8 /* Resources */ = {
			isa = PBXResourcesBuildPhase;
			buildActionMask = 2147483647;
			files = (
			);
			runOnlyForDeploymentPostprocessing = 0;
		};
		B7BFBE542CC4B83F00CD5BA8 /* Resources */ = {
			isa = PBXResourcesBuildPhase;
			buildActionMask = 2147483647;
			files = (
			);
			runOnlyForDeploymentPostprocessing = 0;
		};
/* End PBXResourcesBuildPhase section */

/* Begin PBXSourcesBuildPhase section */
		B7BFBE382CC4B83D00CD5BA8 /* Sources */ = {
			isa = PBXSourcesBuildPhase;
			buildActionMask = 2147483647;
			files = (
			);
			runOnlyForDeploymentPostprocessing = 0;
		};
		B7BFBE482CC4B83F00CD5BA8 /* Sources */ = {
			isa = PBXSourcesBuildPhase;
			buildActionMask = 2147483647;
			files = (
			);
			runOnlyForDeploymentPostprocessing = 0;
		};
		B7BFBE522CC4B83F00CD5BA8 /* Sources */ = {
			isa = PBXSourcesBuildPhase;
			buildActionMask = 2147483647;
			files = (
			);
			runOnlyForDeploymentPostprocessing = 0;
		};
/* End PBXSourcesBuildPhase section */

/* Begin PBXTargetDependency section */
		B7BFBE4E2CC4B83F00CD5BA8 /* PBXTargetDependency */ = {
			isa = PBXTargetDependency;
			target = B7BFBE3B2CC4B83D00CD5BA8 /* FlashCards */;
			targetProxy = B7BFBE4D2CC4B83F00CD5BA8 /* PBXContainerItemProxy */;
		};
		B7BFBE582CC4B83F00CD5BA8 /* PBXTargetDependency */ = {
			isa = PBXTargetDependency;
			target = B7BFBE3B2CC4B83D00CD5BA8 /* FlashCards */;
			targetProxy = B7BFBE572CC4B83F00CD5BA8 /* PBXContainerItemProxy */;
		};
/* End PBXTargetDependency section */

/* Begin XCBuildConfiguration section */
		B7BFBE5E2CC4B83F00CD5BA8 /* Debug */ = {
			isa = XCBuildConfiguration;
			buildSettings = {
				ALWAYS_SEARCH_USER_PATHS = NO;
				ASSETCATALOG_COMPILER_GENERATE_SWIFT_ASSET_SYMBOL_EXTENSIONS = YES;
				CLANG_ANALYZER_NONNULL = YES;
				CLANG_ANALYZER_NUMBER_OBJECT_CONVERSION = YES_AGGRESSIVE;
				CLANG_CXX_LANGUAGE_STANDARD = "gnu++20";
				CLANG_ENABLE_MODULES = YES;
				CLANG_ENABLE_OBJC_ARC = YES;
				CLANG_ENABLE_OBJC_WEAK = YES;
				CLANG_WARN_BLOCK_CAPTURE_AUTORELEASING = YES;
				CLANG_WARN_BOOL_CONVERSION = YES;
				CLANG_WARN_COMMA = YES;
				CLANG_WARN_CONSTANT_CONVERSION = YES;
				CLANG_WARN_DEPRECATED_OBJC_IMPLEMENTATIONS = YES;
				CLANG_WARN_DIRECT_OBJC_ISA_USAGE = YES_ERROR;
				CLANG_WARN_DOCUMENTATION_COMMENTS = YES;
				CLANG_WARN_EMPTY_BODY = YES;
				CLANG_WARN_ENUM_CONVERSION = YES;
				CLANG_WARN_INFINITE_RECURSION = YES;
				CLANG_WARN_INT_CONVERSION = YES;
				CLANG_WARN_NON_LITERAL_NULL_CONVERSION = YES;
				CLANG_WARN_OBJC_IMPLICIT_RETAIN_SELF = YES;
				CLANG_WARN_OBJC_LITERAL_CONVERSION = YES;
				CLANG_WARN_OBJC_ROOT_CLASS = YES_ERROR;
				CLANG_WARN_QUOTED_INCLUDE_IN_FRAMEWORK_HEADER = YES;
				CLANG_WARN_RANGE_LOOP_ANALYSIS = YES;
				CLANG_WARN_STRICT_PROTOTYPES = YES;
				CLANG_WARN_SUSPICIOUS_MOVE = YES;
				CLANG_WARN_UNGUARDED_AVAILABILITY = YES_AGGRESSIVE;
				CLANG_WARN_UNREACHABLE_CODE = YES;
				CLANG_WARN__DUPLICATE_METHOD_MATCH = YES;
				COPY_PHASE_STRIP = NO;
				DEBUG_INFORMATION_FORMAT = dwarf;
				ENABLE_STRICT_OBJC_MSGSEND = YES;
				ENABLE_TESTABILITY = YES;
				ENABLE_USER_SCRIPT_SANDBOXING = YES;
				GCC_C_LANGUAGE_STANDARD = gnu17;
				GCC_DYNAMIC_NO_PIC = NO;
				GCC_NO_COMMON_BLOCKS = YES;
				GCC_OPTIMIZATION_LEVEL = 0;
				GCC_PREPROCESSOR_DEFINITIONS = (
					"DEBUG=1",
					"$(inherited)",
				);
				GCC_WARN_64_TO_32_BIT_CONVERSION = YES;
				GCC_WARN_ABOUT_RETURN_TYPE = YES_ERROR;
				GCC_WARN_UNDECLARED_SELECTOR = YES;
				GCC_WARN_UNINITIALIZED_AUTOS = YES_AGGRESSIVE;
				GCC_WARN_UNUSED_FUNCTION = YES;
				GCC_WARN_UNUSED_VARIABLE = YES;
				IPHONEOS_DEPLOYMENT_TARGET = 18.0;
				LOCALIZATION_PREFERS_STRING_CATALOGS = YES;
				MTL_ENABLE_DEBUG_INFO = INCLUDE_SOURCE;
				MTL_FAST_MATH = YES;
				ONLY_ACTIVE_ARCH = YES;
				SDKROOT = iphoneos;
				SWIFT_ACTIVE_COMPILATION_CONDITIONS = "DEBUG $(inherited)";
				SWIFT_OPTIMIZATION_LEVEL = "-Onone";
			};
			name = Debug;
		};
		B7BFBE5F2CC4B83F00CD5BA8 /* Release */ = {
			isa = XCBuildConfiguration;
			buildSettings = {
				ALWAYS_SEARCH_USER_PATHS = NO;
				ASSETCATALOG_COMPILER_GENERATE_SWIFT_ASSET_SYMBOL_EXTENSIONS = YES;
				CLANG_ANALYZER_NONNULL = YES;
				CLANG_ANALYZER_NUMBER_OBJECT_CONVERSION = YES_AGGRESSIVE;
				CLANG_CXX_LANGUAGE_STANDARD = "gnu++20";
				CLANG_ENABLE_MODULES = YES;
				CLANG_ENABLE_OBJC_ARC = YES;
				CLANG_ENABLE_OBJC_WEAK = YES;
				CLANG_WARN_BLOCK_CAPTURE_AUTORELEASING = YES;
				CLANG_WARN_BOOL_CONVERSION = YES;
				CLANG_WARN_COMMA = YES;
				CLANG_WARN_CONSTANT_CONVERSION = YES;
				CLANG_WARN_DEPRECATED_OBJC_IMPLEMENTATIONS = YES;
				CLANG_WARN_DIRECT_OBJC_ISA_USAGE = YES_ERROR;
				CLANG_WARN_DOCUMENTATION_COMMENTS = YES;
				CLANG_WARN_EMPTY_BODY = YES;
				CLANG_WARN_ENUM_CONVERSION = YES;
				CLANG_WARN_INFINITE_RECURSION = YES;
				CLANG_WARN_INT_CONVERSION = YES;
				CLANG_WARN_NON_LITERAL_NULL_CONVERSION = YES;
				CLANG_WARN_OBJC_IMPLICIT_RETAIN_SELF = YES;
				CLANG_WARN_OBJC_LITERAL_CONVERSION = YES;
				CLANG_WARN_OBJC_ROOT_CLASS = YES_ERROR;
				CLANG_WARN_QUOTED_INCLUDE_IN_FRAMEWORK_HEADER = YES;
				CLANG_WARN_RANGE_LOOP_ANALYSIS = YES;
				CLANG_WARN_STRICT_PROTOTYPES = YES;
				CLANG_WARN_SUSPICIOUS_MOVE = YES;
				CLANG_WARN_UNGUARDED_AVAILABILITY = YES_AGGRESSIVE;
				CLANG_WARN_UNREACHABLE_CODE = YES;
				CLANG_WARN__DUPLICATE_METHOD_MATCH = YES;
				COPY_PHASE_STRIP = NO;
				DEBUG_INFORMATION_FORMAT = "dwarf-with-dsym";
				ENABLE_NS_ASSERTIONS = NO;
				ENABLE_STRICT_OBJC_MSGSEND = YES;
				ENABLE_USER_SCRIPT_SANDBOXING = YES;
				GCC_C_LANGUAGE_STANDARD = gnu17;
				GCC_NO_COMMON_BLOCKS = YES;
				GCC_WARN_64_TO_32_BIT_CONVERSION = YES;
				GCC_WARN_ABOUT_RETURN_TYPE = YES_ERROR;
				GCC_WARN_UNDECLARED_SELECTOR = YES;
				GCC_WARN_UNINITIALIZED_AUTOS = YES_AGGRESSIVE;
				GCC_WARN_UNUSED_FUNCTION = YES;
				GCC_WARN_UNUSED_VARIABLE = YES;
				IPHONEOS_DEPLOYMENT_TARGET = 18.0;
				LOCALIZATION_PREFERS_STRING_CATALOGS = YES;
				MTL_ENABLE_DEBUG_INFO = NO;
				MTL_FAST_MATH = YES;
				SDKROOT = iphoneos;
				SWIFT_COMPILATION_MODE = wholemodule;
				VALIDATE_PRODUCT = YES;
			};
			name = Release;
		};
		B7BFBE612CC4B83F00CD5BA8 /* Debug */ = {
			isa = XCBuildConfiguration;
			buildSettings = {
				ASSETCATALOG_COMPILER_APPICON_NAME = AppIcon;
				ASSETCATALOG_COMPILER_GLOBAL_ACCENT_COLOR_NAME = AccentColor;
				CODE_SIGN_STYLE = Automatic;
				CURRENT_PROJECT_VERSION = 1;
				DEVELOPMENT_ASSET_PATHS = "\"FlashCards/Preview Content\"";
				ENABLE_PREVIEWS = YES;
				GENERATE_INFOPLIST_FILE = YES;
				INFOPLIST_KEY_UIApplicationSceneManifest_Generation = YES;
				INFOPLIST_KEY_UIApplicationSupportsIndirectInputEvents = YES;
				INFOPLIST_KEY_UILaunchScreen_Generation = YES;
				INFOPLIST_KEY_UISupportedInterfaceOrientations_iPad = "UIInterfaceOrientationPortrait UIInterfaceOrientationPortraitUpsideDown UIInterfaceOrientationLandscapeLeft UIInterfaceOrientationLandscapeRight";
				INFOPLIST_KEY_UISupportedInterfaceOrientations_iPhone = "UIInterfaceOrientationPortrait UIInterfaceOrientationLandscapeLeft UIInterfaceOrientationLandscapeRight";
				LD_RUNPATH_SEARCH_PATHS = (
					"$(inherited)",
					"@executable_path/Frameworks",
				);
				MARKETING_VERSION = 1.0;
				PRODUCT_BUNDLE_IDENTIFIER = Shimura.FlashCards;
				PRODUCT_NAME = "$(TARGET_NAME)";
				SWIFT_EMIT_LOC_STRINGS = YES;
				SWIFT_VERSION = 5.0;
				TARGETED_DEVICE_FAMILY = "1,2";
			};
			name = Debug;
		};
		B7BFBE622CC4B83F00CD5BA8 /* Release */ = {
			isa = XCBuildConfiguration;
			buildSettings = {
				ASSETCATALOG_COMPILER_APPICON_NAME = AppIcon;
				ASSETCATALOG_COMPILER_GLOBAL_ACCENT_COLOR_NAME = AccentColor;
				CODE_SIGN_STYLE = Automatic;
				CURRENT_PROJECT_VERSION = 1;
				DEVELOPMENT_ASSET_PATHS = "\"FlashCards/Preview Content\"";
				ENABLE_PREVIEWS = YES;
				GENERATE_INFOPLIST_FILE = YES;
				INFOPLIST_KEY_UIApplicationSceneManifest_Generation = YES;
				INFOPLIST_KEY_UIApplicationSupportsIndirectInputEvents = YES;
				INFOPLIST_KEY_UILaunchScreen_Generation = YES;
				INFOPLIST_KEY_UISupportedInterfaceOrientations_iPad = "UIInterfaceOrientationPortrait UIInterfaceOrientationPortraitUpsideDown UIInterfaceOrientationLandscapeLeft UIInterfaceOrientationLandscapeRight";
				INFOPLIST_KEY_UISupportedInterfaceOrientations_iPhone = "UIInterfaceOrientationPortrait UIInterfaceOrientationLandscapeLeft UIInterfaceOrientationLandscapeRight";
				LD_RUNPATH_SEARCH_PATHS = (
					"$(inherited)",
					"@executable_path/Frameworks",
				);
				MARKETING_VERSION = 1.0;
				PRODUCT_BUNDLE_IDENTIFIER = Shimura.FlashCards;
				PRODUCT_NAME = "$(TARGET_NAME)";
				SWIFT_EMIT_LOC_STRINGS = YES;
				SWIFT_VERSION = 5.0;
				TARGETED_DEVICE_FAMILY = "1,2";
			};
			name = Release;
		};
		B7BFBE642CC4B83F00CD5BA8 /* Debug */ = {
			isa = XCBuildConfiguration;
			buildSettings = {
				BUNDLE_LOADER = "$(TEST_HOST)";
				CODE_SIGN_STYLE = Automatic;
				CURRENT_PROJECT_VERSION = 1;
				GENERATE_INFOPLIST_FILE = YES;
				IPHONEOS_DEPLOYMENT_TARGET = 18.0;
				MARKETING_VERSION = 1.0;
				PRODUCT_BUNDLE_IDENTIFIER = Shimura.FlashCardsTests;
				PRODUCT_NAME = "$(TARGET_NAME)";
				SWIFT_EMIT_LOC_STRINGS = NO;
				SWIFT_VERSION = 5.0;
				TARGETED_DEVICE_FAMILY = "1,2";
				TEST_HOST = "$(BUILT_PRODUCTS_DIR)/FlashCards.app/$(BUNDLE_EXECUTABLE_FOLDER_PATH)/FlashCards";
			};
			name = Debug;
		};
		B7BFBE652CC4B83F00CD5BA8 /* Release */ = {
			isa = XCBuildConfiguration;
			buildSettings = {
				BUNDLE_LOADER = "$(TEST_HOST)";
				CODE_SIGN_STYLE = Automatic;
				CURRENT_PROJECT_VERSION = 1;
				GENERATE_INFOPLIST_FILE = YES;
				IPHONEOS_DEPLOYMENT_TARGET = 18.0;
				MARKETING_VERSION = 1.0;
				PRODUCT_BUNDLE_IDENTIFIER = Shimura.FlashCardsTests;
				PRODUCT_NAME = "$(TARGET_NAME)";
				SWIFT_EMIT_LOC_STRINGS = NO;
				SWIFT_VERSION = 5.0;
				TARGETED_DEVICE_FAMILY = "1,2";
				TEST_HOST = "$(BUILT_PRODUCTS_DIR)/FlashCards.app/$(BUNDLE_EXECUTABLE_FOLDER_PATH)/FlashCards";
			};
			name = Release;
		};
		B7BFBE672CC4B83F00CD5BA8 /* Debug */ = {
			isa = XCBuildConfiguration;
			buildSettings = {
				CODE_SIGN_STYLE = Automatic;
				CURRENT_PROJECT_VERSION = 1;
				GENERATE_INFOPLIST_FILE = YES;
				MARKETING_VERSION = 1.0;
				PRODUCT_BUNDLE_IDENTIFIER = Shimura.FlashCardsUITests;
				PRODUCT_NAME = "$(TARGET_NAME)";
				SWIFT_EMIT_LOC_STRINGS = NO;
				SWIFT_VERSION = 5.0;
				TARGETED_DEVICE_FAMILY = "1,2";
				TEST_TARGET_NAME = FlashCards;
			};
			name = Debug;
		};
		B7BFBE682CC4B83F00CD5BA8 /* Release */ = {
			isa = XCBuildConfiguration;
			buildSettings = {
				CODE_SIGN_STYLE = Automatic;
				CURRENT_PROJECT_VERSION = 1;
				GENERATE_INFOPLIST_FILE = YES;
				MARKETING_VERSION = 1.0;
				PRODUCT_BUNDLE_IDENTIFIER = Shimura.FlashCardsUITests;
				PRODUCT_NAME = "$(TARGET_NAME)";
				SWIFT_EMIT_LOC_STRINGS = NO;
				SWIFT_VERSION = 5.0;
				TARGETED_DEVICE_FAMILY = "1,2";
				TEST_TARGET_NAME = FlashCards;
			};
			name = Release;
		};
/* End XCBuildConfiguration section */

/* Begin XCConfigurationList section */
		B7BFBE372CC4B83D00CD5BA8 /* Build configuration list for PBXProject "FlashCards" */ = {
			isa = XCConfigurationList;
			buildConfigurations = (
				B7BFBE5E2CC4B83F00CD5BA8 /* Debug */,
				B7BFBE5F2CC4B83F00CD5BA8 /* Release */,
			);
			defaultConfigurationIsVisible = 0;
			defaultConfigurationName = Release;
		};
		B7BFBE602CC4B83F00CD5BA8 /* Build configuration list for PBXNativeTarget "FlashCards" */ = {
			isa = XCConfigurationList;
			buildConfigurations = (
				B7BFBE612CC4B83F00CD5BA8 /* Debug */,
				B7BFBE622CC4B83F00CD5BA8 /* Release */,
			);
			defaultConfigurationIsVisible = 0;
			defaultConfigurationName = Release;
		};
		B7BFBE632CC4B83F00CD5BA8 /* Build configuration list for PBXNativeTarget "FlashCardsTests" */ = {
			isa = XCConfigurationList;
			buildConfigurations = (
				B7BFBE642CC4B83F00CD5BA8 /* Debug */,
				B7BFBE652CC4B83F00CD5BA8 /* Release */,
			);
			defaultConfigurationIsVisible = 0;
			defaultConfigurationName = Release;
		};
		B7BFBE662CC4B83F00CD5BA8 /* Build configuration list for PBXNativeTarget "FlashCardsUITests" */ = {
			isa = XCConfigurationList;
			buildConfigurations = (
				B7BFBE672CC4B83F00CD5BA8 /* Debug */,
				B7BFBE682CC4B83F00CD5BA8 /* Release */,
			);
			defaultConfigurationIsVisible = 0;
			defaultConfigurationName = Release;
		};
/* End XCConfigurationList section */
	};
	rootObject = B7BFBE342CC4B83D00CD5BA8 /* Project object */;
}
